{
  "name": "@osspect/npmguard",
  "version": "0.2.0",
  "lockfileVersion": 3,
  "requires": true,
  "packages": {
    "": {
      "name": "@osspect/npmguard",
      "version": "0.2.0",
      "license": "MIT",
      "dependencies": {
        "commander": "^12.1.0",
        "kleur": "^4.1.5",
        "lru-cache": "^11.0.2",
        "semver": "^7.6.3"
      },
      "bin": {
        "npm-guard": "bin/npm-guard.js"
      },
      "engines": {
        "node": ">=18.17"
      }
    },
    "node_modules/commander": {
      "version": "12.1.0",
      "resolved": "https://registry.npmjs.org/commander/-/commander-12.1.0.tgz",
      "integrity": "sha512-Vw8qHK3bZM9y/P10u3Vib8o/DdkvA2OtPtZvD871QKjy74Wj1WSKFILMPRPSdUSx5RFK1arlJzEtA4PkFgnbuA==",
      "license": "MIT",
      "engines": {
        "node": ">=18"
      }
    },
    "node_modules/kleur": {
      "version": "4.1.5",
      "resolved": "https://registry.npmjs.org/kleur/-/kleur-4.1.5.tgz",
      "integrity": "sha512-o+NO+8WrRiQEE4/7nwRJhN1HWpVmJm511pBHUxPLtp0BUISzlBplORYSmTclCnJvQq2tKu/sgl3xVpkc7ZWuQQ==",
      "license": "MIT",
      "engines": {
        "node": ">=6"
      }
    },
    "node_modules/lru-cache": {
      "version": "11.3.6",
      "resolved": "https://registry.npmjs.org/lru-cache/-/lru-cache-11.3.6.tgz",
      "integrity": "sha512-Gf/KoL3C/MlI7Bt0PGI9I+TeTC/I6r/csU58N4BSNc4lppLBeKsOdFYkK+dX0ABDUMJNfCHTyPpzwwO21Awd3A==",
      "license": "BlueOak-1.0.0",
      "engines": {
        "node": "20 || >=22"
      }
    },
    "node_modules/semver": {
      "version": "7.7.4",
      "resolved": "https://registry.npmjs.org/semver/-/semver-7.7.4.tgz",
      "integrity": "sha512-vFKC2IEtQnVhpT78h1Yp8wzwrf8CM+MzKMHGJZfBtzhZNycRFnXsHk6E5TxIkkMsgNS7mdX3AGB7x2QM2di4lA==",
      "license": "ISC",
      "bin": {
        "semver": "bin/semver.js"
      },
      "engines": {
        "node": ">=10"
      }
    }
  }
}
